# THIS IS AN AUTOGENERATED FILE. DO NOT EDIT THIS FILE DIRECTLY.
# yarn lockfile v1


"@types/chai@^4.2.14":
  version "4.2.14"
  resolved "https://registry.yarnpkg.com/@types/chai/-/chai-4.2.14.tgz#44d2dd0b5de6185089375d976b4ec5caf6861193"
  integrity sha512-G+ITQPXkwTrslfG5L/BksmbLUA0M1iybEsmCWPqzSxsRRhJZimBKJkoMi8fr/CPygPTj4zO5pJH7I2/cm9M7SQ==

"@types/mocha@^8.0.3":
  version "8.0.3"
  resolved "https://registry.yarnpkg.com/@types/mocha/-/mocha-8.0.3.tgz#51b21b6acb6d1b923bbdc7725c38f9f455166402"
  integrity sha512-vyxR57nv8NfcU0GZu8EUXZLTbCMupIUwy95LJ6lllN+JRPG25CwMHoB1q5xKh8YKhQnHYRAn4yW2yuHbf/5xgg==
